
Microsoft Visual Studio Solution File, Format Version 12.00
# Visual Studio 2013
VisualStudioVersion = 12.0.21005.1
MinimumVisualStudioVersion = 10.0.40219.1
Project("{FAE04EC0-301F-11D3-BF4B-00C04F79EFBC}") = "Furesoft.Web", "Furesoft.Web\Furesoft.Web.csproj", "{4C001EB8-72B1-4B67-BBC6-CD7785CB82A6}"
EndProject
Project("{2150E333-8FDC-42A3-9474-1A3956D46DE8}") = "Languages", "Languages", "{3D2653C7-05E3-487A-AECF-45B9222C0E41}"
EndProject
Project("{FAE04EC0-301F-11D3-BF4B-00C04F79EFBC}") = "PHP", "PHP\PHP.csproj", "{D714A9BB-0B24-4A24-B8A5-C982DD5C58B5}"
EndProject
Project("{FAE04EC0-301F-11D3-BF4B-00C04F79EFBC}") = "CSharp", "CSharp\CSharp.csproj", "{E8E183CB-1236-4A72-8986-2DA4F4D3EF11}"
EndProject
Project("{FAE04EC0-301F-11D3-BF4B-00C04F79EFBC}") = "JS", "JS\JS.csproj", "{DBEB164B-0FD2-434A-80EB-BEABF6B78EE9}"
EndProject
Project("{FAE04EC0-301F-11D3-BF4B-00C04F79EFBC}") = "JScriptNet", "JScriptNet\JScriptNet.csproj", "{7C5A25D6-AF44-484E-A4F2-9E56F0C76679}"
EndProject
Project("{FAE04EC0-301F-11D3-BF4B-00C04F79EFBC}") = "VBScript", "VBScript\VBScript.csproj", "{EB754852-BDE4-45BB-B0A9-0133741E4A8D}"
EndProject
Project("{FAE04EC0-301F-11D3-BF4B-00C04F79EFBC}") = "Boo", "Boo\Boo.csproj", "{7BC6195A-0F20-42B8-A723-98F139FAD7FA}"
EndProject
Project("{FAE04EC0-301F-11D3-BF4B-00C04F79EFBC}") = "Python", "Python\Python.csproj", "{EE7F9477-86E4-4A35-9684-91816BE33333}"
EndProject
Project("{FAE04EC0-301F-11D3-BF4B-00C04F79EFBC}") = "FSharp", "FSharp\FSharp.csproj", "{08F603A3-405B-46D6-925F-603713970D80}"
EndProject
Project("{FAE04EC0-301F-11D3-BF4B-00C04F79EFBC}") = "Test", "Test\Test.csproj", "{AD403541-DDD1-4D7F-8ED5-665506C3AA1D}"
EndProject
Project("{FAE04EC0-301F-11D3-BF4B-00C04F79EFBC}") = "VBNet", "VBNet\VBNet.csproj", "{61BE6945-FE78-477F-BB9E-E3045B8ABD7D}"
EndProject
Project("{FAE04EC0-301F-11D3-BF4B-00C04F79EFBC}") = "Lua", "Lua\Lua.csproj", "{5BAEB3C1-A856-43A8-9C86-A37EB56ED8FE}"
EndProject
Project("{FAE04EC0-301F-11D3-BF4B-00C04F79EFBC}") = "Nemerle", "Nemerle\Nemerle.csproj", "{AD9C8875-C256-4777-A908-0B2226A8A59D}"
EndProject
Project("{FAE04EC0-301F-11D3-BF4B-00C04F79EFBC}") = "ECLang", "ECLang\ECLang.csproj", "{6B8764DF-C7CE-4D34-B7D3-25F870527125}"
EndProject
Project("{FAE04EC0-301F-11D3-BF4B-00C04F79EFBC}") = "Ruby", "Ruby\Ruby.csproj", "{361050D5-7F39-447D-83C4-747E8993D15D}"
EndProject
Project("{FAE04EC0-301F-11D3-BF4B-00C04F79EFBC}") = "Scheme", "Scheme\Scheme.csproj", "{BAD0C0C9-A873-440C-AFB1-90810D9DE95B}"
EndProject
Project("{2150E333-8FDC-42A3-9474-1A3956D46DE8}") = "APIS", "APIS", "{DFAAD3FB-75C4-467C-A06E-B26D69B6B140}"
EndProject
Project("{FAE04EC0-301F-11D3-BF4B-00C04F79EFBC}") = "MongoDbApi", "MongoDbApi\MongoDbApi.csproj", "{23E47A9A-3B3E-4BA5-8424-05619AB875E8}"
EndProject
Project("{2150E333-8FDC-42A3-9474-1A3956D46DE8}") = "Solution Items", "Solution Items", "{8DE3D682-EC94-4492-9EAF-72637931D218}"
	ProjectSection(SolutionItems) = preProject
		ToDo.txt = ToDo.txt
	EndProjectSection
EndProject
Project("{2150E333-8FDC-42A3-9474-1A3956D46DE8}") = "Modules", "Modules", "{1BB5CF0E-77E1-4507-AB2E-D7FF5E980B76}"
EndProject
Project("{FAE04EC0-301F-11D3-BF4B-00C04F79EFBC}") = "AccessModule", "AccessModule\AccessModule.csproj", "{4941A005-18B9-42BE-934D-28B65C738C00}"
EndProject
Global
	GlobalSection(SolutionConfigurationPlatforms) = preSolution
		Debug|Any CPU = Debug|Any CPU
		Release|Any CPU = Release|Any CPU
	EndGlobalSection
	GlobalSection(ProjectConfigurationPlatforms) = postSolution
		{4C001EB8-72B1-4B67-BBC6-CD7785CB82A6}.Debug|Any CPU.ActiveCfg = Debug|Any CPU
		{4C001EB8-72B1-4B67-BBC6-CD7785CB82A6}.Debug|Any CPU.Build.0 = Debug|Any CPU
		{4C001EB8-72B1-4B67-BBC6-CD7785CB82A6}.Release|Any CPU.ActiveCfg = Release|Any CPU
		{4C001EB8-72B1-4B67-BBC6-CD7785CB82A6}.Release|Any CPU.Build.0 = Release|Any CPU
		{D714A9BB-0B24-4A24-B8A5-C982DD5C58B5}.Debug|Any CPU.ActiveCfg = Debug|Any CPU
		{D714A9BB-0B24-4A24-B8A5-C982DD5C58B5}.Debug|Any CPU.Build.0 = Debug|Any CPU
		{D714A9BB-0B24-4A24-B8A5-C982DD5C58B5}.Release|Any CPU.ActiveCfg = Release|Any CPU
		{D714A9BB-0B24-4A24-B8A5-C982DD5C58B5}.Release|Any CPU.Build.0 = Release|Any CPU
		{E8E183CB-1236-4A72-8986-2DA4F4D3EF11}.Debug|Any CPU.ActiveCfg = Debug|Any CPU
		{E8E183CB-1236-4A72-8986-2DA4F4D3EF11}.Debug|Any CPU.Build.0 = Debug|Any CPU
		{E8E183CB-1236-4A72-8986-2DA4F4D3EF11}.Release|Any CPU.ActiveCfg = Release|Any CPU
		{E8E183CB-1236-4A72-8986-2DA4F4D3EF11}.Release|Any CPU.Build.0 = Release|Any CPU
		{DBEB164B-0FD2-434A-80EB-BEABF6B78EE9}.Debug|Any CPU.ActiveCfg = Debug|Any CPU
		{DBEB164B-0FD2-434A-80EB-BEABF6B78EE9}.Debug|Any CPU.Build.0 = Debug|Any CPU
		{DBEB164B-0FD2-434A-80EB-BEABF6B78EE9}.Release|Any CPU.ActiveCfg = Release|Any CPU
		{DBEB164B-0FD2-434A-80EB-BEABF6B78EE9}.Release|Any CPU.Build.0 = Release|Any CPU
		{7C5A25D6-AF44-484E-A4F2-9E56F0C76679}.Debug|Any CPU.ActiveCfg = Debug|Any CPU
		{7C5A25D6-AF44-484E-A4F2-9E56F0C76679}.Debug|Any CPU.Build.0 = Debug|Any CPU
		{7C5A25D6-AF44-484E-A4F2-9E56F0C76679}.Release|Any CPU.ActiveCfg = Release|Any CPU
		{7C5A25D6-AF44-484E-A4F2-9E56F0C76679}.Release|Any CPU.Build.0 = Release|Any CPU
		{EB754852-BDE4-45BB-B0A9-0133741E4A8D}.Debug|Any CPU.ActiveCfg = Debug|Any CPU
		{EB754852-BDE4-45BB-B0A9-0133741E4A8D}.Debug|Any CPU.Build.0 = Debug|Any CPU
		{EB754852-BDE4-45BB-B0A9-0133741E4A8D}.Release|Any CPU.ActiveCfg = Release|Any CPU
		{EB754852-BDE4-45BB-B0A9-0133741E4A8D}.Release|Any CPU.Build.0 = Release|Any CPU
		{7BC6195A-0F20-42B8-A723-98F139FAD7FA}.Debug|Any CPU.ActiveCfg = Debug|Any CPU
		{7BC6195A-0F20-42B8-A723-98F139FAD7FA}.Debug|Any CPU.Build.0 = Debug|Any CPU
		{7BC6195A-0F20-42B8-A723-98F139FAD7FA}.Release|Any CPU.ActiveCfg = Release|Any CPU
		{7BC6195A-0F20-42B8-A723-98F139FAD7FA}.Release|Any CPU.Build.0 = Release|Any CPU
		{EE7F9477-86E4-4A35-9684-91816BE33333}.Debug|Any CPU.ActiveCfg = Debug|Any CPU
		{EE7F9477-86E4-4A35-9684-91816BE33333}.Debug|Any CPU.Build.0 = Debug|Any CPU
		{EE7F9477-86E4-4A35-9684-91816BE33333}.Release|Any CPU.ActiveCfg = Release|Any CPU
		{EE7F9477-86E4-4A35-9684-91816BE33333}.Release|Any CPU.Build.0 = Release|Any CPU
		{08F603A3-405B-46D6-925F-603713970D80}.Debug|Any CPU.ActiveCfg = Debug|Any CPU
		{08F603A3-405B-46D6-925F-603713970D80}.Debug|Any CPU.Build.0 = Debug|Any CPU
		{08F603A3-405B-46D6-925F-603713970D80}.Release|Any CPU.ActiveCfg = Release|Any CPU
		{08F603A3-405B-46D6-925F-603713970D80}.Release|Any CPU.Build.0 = Release|Any CPU
		{AD403541-DDD1-4D7F-8ED5-665506C3AA1D}.Debug|Any CPU.ActiveCfg = Debug|Any CPU
		{AD403541-DDD1-4D7F-8ED5-665506C3AA1D}.Debug|Any CPU.Build.0 = Debug|Any CPU
		{AD403541-DDD1-4D7F-8ED5-665506C3AA1D}.Release|Any CPU.ActiveCfg = Release|Any CPU
		{AD403541-DDD1-4D7F-8ED5-665506C3AA1D}.Release|Any CPU.Build.0 = Release|Any CPU
		{61BE6945-FE78-477F-BB9E-E3045B8ABD7D}.Debug|Any CPU.ActiveCfg = Debug|Any CPU
		{61BE6945-FE78-477F-BB9E-E3045B8ABD7D}.Debug|Any CPU.Build.0 = Debug|Any CPU
		{61BE6945-FE78-477F-BB9E-E3045B8ABD7D}.Release|Any CPU.ActiveCfg = Release|Any CPU
		{61BE6945-FE78-477F-BB9E-E3045B8ABD7D}.Release|Any CPU.Build.0 = Release|Any CPU
		{5BAEB3C1-A856-43A8-9C86-A37EB56ED8FE}.Debug|Any CPU.ActiveCfg = Debug|Any CPU
		{5BAEB3C1-A856-43A8-9C86-A37EB56ED8FE}.Debug|Any CPU.Build.0 = Debug|Any CPU
		{5BAEB3C1-A856-43A8-9C86-A37EB56ED8FE}.Release|Any CPU.ActiveCfg = Release|Any CPU
		{5BAEB3C1-A856-43A8-9C86-A37EB56ED8FE}.Release|Any CPU.Build.0 = Release|Any CPU
		{AD9C8875-C256-4777-A908-0B2226A8A59D}.Debug|Any CPU.ActiveCfg = Debug|Any CPU
		{AD9C8875-C256-4777-A908-0B2226A8A59D}.Debug|Any CPU.Build.0 = Debug|Any CPU
		{AD9C8875-C256-4777-A908-0B2226A8A59D}.Release|Any CPU.ActiveCfg = Release|Any CPU
		{AD9C8875-C256-4777-A908-0B2226A8A59D}.Release|Any CPU.Build.0 = Release|Any CPU
		{6B8764DF-C7CE-4D34-B7D3-25F870527125}.Debug|Any CPU.ActiveCfg = Debug|Any CPU
		{6B8764DF-C7CE-4D34-B7D3-25F870527125}.Debug|Any CPU.Build.0 = Debug|Any CPU
		{6B8764DF-C7CE-4D34-B7D3-25F870527125}.Release|Any CPU.ActiveCfg = Release|Any CPU
		{6B8764DF-C7CE-4D34-B7D3-25F870527125}.Release|Any CPU.Build.0 = Release|Any CPU
		{361050D5-7F39-447D-83C4-747E8993D15D}.Debug|Any CPU.ActiveCfg = Debug|Any CPU
		{361050D5-7F39-447D-83C4-747E8993D15D}.Debug|Any CPU.Build.0 = Debug|Any CPU
		{361050D5-7F39-447D-83C4-747E8993D15D}.Release|Any CPU.ActiveCfg = Release|Any CPU
		{361050D5-7F39-447D-83C4-747E8993D15D}.Release|Any CPU.Build.0 = Release|Any CPU
		{BAD0C0C9-A873-440C-AFB1-90810D9DE95B}.Debug|Any CPU.ActiveCfg = Debug|Any CPU
		{BAD0C0C9-A873-440C-AFB1-90810D9DE95B}.Debug|Any CPU.Build.0 = Debug|Any CPU
		{BAD0C0C9-A873-440C-AFB1-90810D9DE95B}.Release|Any CPU.ActiveCfg = Release|Any CPU
		{BAD0C0C9-A873-440C-AFB1-90810D9DE95B}.Release|Any CPU.Build.0 = Release|Any CPU
		{23E47A9A-3B3E-4BA5-8424-05619AB875E8}.Debug|Any CPU.ActiveCfg = Debug|Any CPU
		{23E47A9A-3B3E-4BA5-8424-05619AB875E8}.Debug|Any CPU.Build.0 = Debug|Any CPU
		{23E47A9A-3B3E-4BA5-8424-05619AB875E8}.Release|Any CPU.ActiveCfg = Release|Any CPU
		{23E47A9A-3B3E-4BA5-8424-05619AB875E8}.Release|Any CPU.Build.0 = Release|Any CPU
		{4941A005-18B9-42BE-934D-28B65C738C00}.Debug|Any CPU.ActiveCfg = Debug|Any CPU
		{4941A005-18B9-42BE-934D-28B65C738C00}.Debug|Any CPU.Build.0 = Debug|Any CPU
		{4941A005-18B9-42BE-934D-28B65C738C00}.Release|Any CPU.ActiveCfg = Release|Any CPU
		{4941A005-18B9-42BE-934D-28B65C738C00}.Release|Any CPU.Build.0 = Release|Any CPU
	EndGlobalSection
	GlobalSection(SolutionProperties) = preSolution
		HideSolutionNode = FALSE
	EndGlobalSection
	GlobalSection(NestedProjects) = preSolution
		{D714A9BB-0B24-4A24-B8A5-C982DD5C58B5} = {3D2653C7-05E3-487A-AECF-45B9222C0E41}
		{E8E183CB-1236-4A72-8986-2DA4F4D3EF11} = {3D2653C7-05E3-487A-AECF-45B9222C0E41}
		{DBEB164B-0FD2-434A-80EB-BEABF6B78EE9} = {3D2653C7-05E3-487A-AECF-45B9222C0E41}
		{7C5A25D6-AF44-484E-A4F2-9E56F0C76679} = {3D2653C7-05E3-487A-AECF-45B9222C0E41}
		{EB754852-BDE4-45BB-B0A9-0133741E4A8D} = {3D2653C7-05E3-487A-AECF-45B9222C0E41}
		{7BC6195A-0F20-42B8-A723-98F139FAD7FA} = {3D2653C7-05E3-487A-AECF-45B9222C0E41}
		{EE7F9477-86E4-4A35-9684-91816BE33333} = {3D2653C7-05E3-487A-AECF-45B9222C0E41}
		{08F603A3-405B-46D6-925F-603713970D80} = {3D2653C7-05E3-487A-AECF-45B9222C0E41}
		{61BE6945-FE78-477F-BB9E-E3045B8ABD7D} = {3D2653C7-05E3-487A-AECF-45B9222C0E41}
		{5BAEB3C1-A856-43A8-9C86-A37EB56ED8FE} = {3D2653C7-05E3-487A-AECF-45B9222C0E41}
		{AD9C8875-C256-4777-A908-0B2226A8A59D} = {3D2653C7-05E3-487A-AECF-45B9222C0E41}
		{6B8764DF-C7CE-4D34-B7D3-25F870527125} = {3D2653C7-05E3-487A-AECF-45B9222C0E41}
		{361050D5-7F39-447D-83C4-747E8993D15D} = {3D2653C7-05E3-487A-AECF-45B9222C0E41}
		{BAD0C0C9-A873-440C-AFB1-90810D9DE95B} = {3D2653C7-05E3-487A-AECF-45B9222C0E41}
		{23E47A9A-3B3E-4BA5-8424-05619AB875E8} = {DFAAD3FB-75C4-467C-A06E-B26D69B6B140}
		{4941A005-18B9-42BE-934D-28B65C738C00} = {1BB5CF0E-77E1-4507-AB2E-D7FF5E980B76}
	EndGlobalSection
EndGlobal
